
Microsoft Visual Studio Solution File, Format Version 12.00
# Visual Studio Version 16
VisualStudioVersion = 16.0.810.12
MinimumVisualStudioVersion = 10.0.40219.1
Project("{FAE04EC0-301F-11D3-BF4B-00C04F79EFBC}") = "culCalendar", "culCalendar\culCalendar.csproj", "{B5F1A3BD-D183-4EEF-B813-D580662B5D18}"
EndProject
Project("{FAE04EC0-301F-11D3-BF4B-00C04F79EFBC}") = "calCalendar.Test", "calCalendar.Test\calCalendar.Test.csproj", "{F1A09148-4F3D-45CC-80EF-2098B54ED660}"
EndProject
Project("{FAE04EC0-301F-11D3-BF4B-00C04F79EFBC}") = "calCalendar_web", "calCalendar_web\calCalendar_web.csproj", "{F14B34AC-D97F-4DEF-9EF3-ACDD3D980814}"
EndProject
Project("{E53339B2-1760-4266-BCC7-CA923CBCF16C}") = "docker-compose", "docker-compose.dcproj", "{5EB8DF64-0076-4655-BBCA-09D0E3A01FF4}"
EndProject
Global
	GlobalSection(SolutionConfigurationPlatforms) = preSolution
		Debug|Any CPU = Debug|Any CPU
		Release|Any CPU = Release|Any CPU
	EndGlobalSection
	GlobalSection(ProjectConfigurationPlatforms) = postSolution
		{B5F1A3BD-D183-4EEF-B813-D580662B5D18}.Debug|Any CPU.ActiveCfg = Debug|Any CPU
		{B5F1A3BD-D183-4EEF-B813-D580662B5D18}.Debug|Any CPU.Build.0 = Debug|Any CPU
		{B5F1A3BD-D183-4EEF-B813-D580662B5D18}.Release|Any CPU.ActiveCfg = Release|Any CPU
		{B5F1A3BD-D183-4EEF-B813-D580662B5D18}.Release|Any CPU.Build.0 = Release|Any CPU
		{F1A09148-4F3D-45CC-80EF-2098B54ED660}.Debug|Any CPU.ActiveCfg = Debug|Any CPU
		{F1A09148-4F3D-45CC-80EF-2098B54ED660}.Debug|Any CPU.Build.0 = Debug|Any CPU
		{F1A09148-4F3D-45CC-80EF-2098B54ED660}.Release|Any CPU.ActiveCfg = Release|Any CPU
		{F1A09148-4F3D-45CC-80EF-2098B54ED660}.Release|Any CPU.Build.0 = Release|Any CPU
		{F14B34AC-D97F-4DEF-9EF3-ACDD3D980814}.Debug|Any CPU.ActiveCfg = Debug|Any CPU
		{F14B34AC-D97F-4DEF-9EF3-ACDD3D980814}.Debug|Any CPU.Build.0 = Debug|Any CPU
		{F14B34AC-D97F-4DEF-9EF3-ACDD3D980814}.Release|Any CPU.ActiveCfg = Release|Any CPU
		{F14B34AC-D97F-4DEF-9EF3-ACDD3D980814}.Release|Any CPU.Build.0 = Release|Any CPU
		{5EB8DF64-0076-4655-BBCA-09D0E3A01FF4}.Debug|Any CPU.ActiveCfg = Debug|Any CPU
		{5EB8DF64-0076-4655-BBCA-09D0E3A01FF4}.Debug|Any CPU.Build.0 = Debug|Any CPU
		{5EB8DF64-0076-4655-BBCA-09D0E3A01FF4}.Release|Any CPU.ActiveCfg = Release|Any CPU
		{5EB8DF64-0076-4655-BBCA-09D0E3A01FF4}.Release|Any CPU.Build.0 = Release|Any CPU
	EndGlobalSection
	GlobalSection(SolutionProperties) = preSolution
		HideSolutionNode = FALSE
	EndGlobalSection
	GlobalSection(ExtensibilityGlobals) = postSolution
		SolutionGuid = {CC9CE34D-8D79-4A22-8C73-699D54DEA346}
	EndGlobalSection
EndGlobal
